
Microsoft Visual Studio Solution File, Format Version 12.00
# Visual Studio Version 17
VisualStudioVersion = 17.0.31903.59
MinimumVisualStudioVersion = 10.0.40219.1
Project("{2150E333-8FDC-42A3-9474-1A3956D46DE8}") = "src", "src", "{DAE19517-5E74-4667-8E14-5CD7BD7F7485}"
EndProject
Project("{FAE04EC0-301F-11D3-BF4B-00C04F79EFBC}") = "News.API", "src\News.API\News.API.csproj", "{9780B4ED-1F4C-4761-B4BF-BE43E31FD945}"
EndProject
Project("{FAE04EC0-301F-11D3-BF4B-00C04F79EFBC}") = "News.Application", "src\News.Application\News.Application.csproj", "{ED63E393-F92B-406A-94B5-619BB94B3870}"
EndProject
Project("{FAE04EC0-301F-11D3-BF4B-00C04F79EFBC}") = "News.Domain", "src\News.Domain\News.Domain.csproj", "{61202CCA-9A55-4AA3-986A-C7E3A82515CD}"
EndProject
Project("{FAE04EC0-301F-11D3-BF4B-00C04F79EFBC}") = "News.Infrastructure", "src\News.Infrastructure\News.Infrastructure.csproj", "{F2665326-9A7C-40C7-B906-897368E5C48A}"
EndProject
Project("{2150E333-8FDC-42A3-9474-1A3956D46DE8}") = "tests", "tests", "{482379F3-4A6F-4118-B14E-EED1FF8FEB29}"
EndProject
Project("{FAE04EC0-301F-11D3-BF4B-00C04F79EFBC}") = "News.UnitTests", "tests\News.UnitTests\News.UnitTests.csproj", "{0F7D6697-50D1-4DA0-8FF7-1CE22EEE06E4}"
EndProject
Global
	GlobalSection(SolutionConfigurationPlatforms) = preSolution
		Debug|Any CPU = Debug|Any CPU
		Release|Any CPU = Release|Any CPU
	EndGlobalSection
	GlobalSection(SolutionProperties) = preSolution
		HideSolutionNode = FALSE
	EndGlobalSection
	GlobalSection(ProjectConfigurationPlatforms) = postSolution
		{9780B4ED-1F4C-4761-B4BF-BE43E31FD945}.Debug|Any CPU.ActiveCfg = Debug|Any CPU
		{9780B4ED-1F4C-4761-B4BF-BE43E31FD945}.Debug|Any CPU.Build.0 = Debug|Any CPU
		{9780B4ED-1F4C-4761-B4BF-BE43E31FD945}.Release|Any CPU.ActiveCfg = Release|Any CPU
		{9780B4ED-1F4C-4761-B4BF-BE43E31FD945}.Release|Any CPU.Build.0 = Release|Any CPU
		{ED63E393-F92B-406A-94B5-619BB94B3870}.Debug|Any CPU.ActiveCfg = Debug|Any CPU
		{ED63E393-F92B-406A-94B5-619BB94B3870}.Debug|Any CPU.Build.0 = Debug|Any CPU
		{ED63E393-F92B-406A-94B5-619BB94B3870}.Release|Any CPU.ActiveCfg = Release|Any CPU
		{ED63E393-F92B-406A-94B5-619BB94B3870}.Release|Any CPU.Build.0 = Release|Any CPU
		{61202CCA-9A55-4AA3-986A-C7E3A82515CD}.Debug|Any CPU.ActiveCfg = Debug|Any CPU
		{61202CCA-9A55-4AA3-986A-C7E3A82515CD}.Debug|Any CPU.Build.0 = Debug|Any CPU
		{61202CCA-9A55-4AA3-986A-C7E3A82515CD}.Release|Any CPU.ActiveCfg = Release|Any CPU
		{61202CCA-9A55-4AA3-986A-C7E3A82515CD}.Release|Any CPU.Build.0 = Release|Any CPU
		{F2665326-9A7C-40C7-B906-897368E5C48A}.Debug|Any CPU.ActiveCfg = Debug|Any CPU
		{F2665326-9A7C-40C7-B906-897368E5C48A}.Debug|Any CPU.Build.0 = Debug|Any CPU
		{F2665326-9A7C-40C7-B906-897368E5C48A}.Release|Any CPU.ActiveCfg = Release|Any CPU
		{F2665326-9A7C-40C7-B906-897368E5C48A}.Release|Any CPU.Build.0 = Release|Any CPU
		{0F7D6697-50D1-4DA0-8FF7-1CE22EEE06E4}.Debug|Any CPU.ActiveCfg = Debug|Any CPU
		{0F7D6697-50D1-4DA0-8FF7-1CE22EEE06E4}.Debug|Any CPU.Build.0 = Debug|Any CPU
		{0F7D6697-50D1-4DA0-8FF7-1CE22EEE06E4}.Release|Any CPU.ActiveCfg = Release|Any CPU
		{0F7D6697-50D1-4DA0-8FF7-1CE22EEE06E4}.Release|Any CPU.Build.0 = Release|Any CPU
	EndGlobalSection
	GlobalSection(NestedProjects) = preSolution
		{9780B4ED-1F4C-4761-B4BF-BE43E31FD945} = {DAE19517-5E74-4667-8E14-5CD7BD7F7485}
		{ED63E393-F92B-406A-94B5-619BB94B3870} = {DAE19517-5E74-4667-8E14-5CD7BD7F7485}
		{61202CCA-9A55-4AA3-986A-C7E3A82515CD} = {DAE19517-5E74-4667-8E14-5CD7BD7F7485}
		{F2665326-9A7C-40C7-B906-897368E5C48A} = {DAE19517-5E74-4667-8E14-5CD7BD7F7485}
		{0F7D6697-50D1-4DA0-8FF7-1CE22EEE06E4} = {482379F3-4A6F-4118-B14E-EED1FF8FEB29}
	EndGlobalSection
EndGlobal
